
Microsoft Visual Studio Solution File, Format Version 12.00
# Visual Studio Version 17
VisualStudioVersion = 17.14.36221.1 d17.14
MinimumVisualStudioVersion = 10.0.40219.1
Project("{FAE04EC0-301F-11D3-BF4B-00C04F79EFBC}") = "Esquierdo_PropertiesAndEncapsulation", "Esquierdo_PropertiesAndEncapsulation\Esquierdo_PropertiesAndEncapsulation.csproj", "{C3D1E728-D511-4D64-BF3B-C53090CECEB3}"
EndProject
Global
	GlobalSection(SolutionConfigurationPlatforms) = preSolution
		Debug|Any CPU = Debug|Any CPU
		Release|Any CPU = Release|Any CPU
	EndGlobalSection
	GlobalSection(ProjectConfigurationPlatforms) = postSolution
		{C3D1E728-D511-4D64-BF3B-C53090CECEB3}.Debug|Any CPU.ActiveCfg = Debug|Any CPU
		{C3D1E728-D511-4D64-BF3B-C53090CECEB3}.Debug|Any CPU.Build.0 = Debug|Any CPU
		{C3D1E728-D511-4D64-BF3B-C53090CECEB3}.Release|Any CPU.ActiveCfg = Release|Any CPU
		{C3D1E728-D511-4D64-BF3B-C53090CECEB3}.Release|Any CPU.Build.0 = Release|Any CPU
	EndGlobalSection
	GlobalSection(SolutionProperties) = preSolution
		HideSolutionNode = FALSE
	EndGlobalSection
	GlobalSection(ExtensibilityGlobals) = postSolution
		SolutionGuid = {04E27BD8-A8B4-4276-B767-DBA4D07A7560}
	EndGlobalSection
EndGlobal
